Microsoft Visual Studio Solution File, Format Version 11.00
# Visual Studio 2008

Project("{CC84CEAE-CAD1-7B9C-246F-F96697CA90EC}") = "MicroModel", "Assembly-CSharp.csproj", "{806F9406-A252-1098-02CF-FDC37F300DDB}"
EndProject
Project("{CC84CEAE-CAD1-7B9C-246F-F96697CA90EC}") = "MicroModel", "Assembly-CSharp-Editor.csproj", "{A351C2B6-E2B8-AC35-C708-C65A42B57921}"
EndProject
Global
	GlobalSection(SolutionConfigurationPlatforms) = preSolution
		Debug|Any CPU = Debug|Any CPU
		Release|Any CPU = Release|Any CPU
	EndGlobalSection
	GlobalSection(ProjectConfigurationPlatforms) = postSolution
		{806F9406-A252-1098-02CF-FDC37F300DDB}.Debug|Any CPU.ActiveCfg = Debug|Any CPU
		{806F9406-A252-1098-02CF-FDC37F300DDB}.Debug|Any CPU.Build.0 = Debug|Any CPU
		{806F9406-A252-1098-02CF-FDC37F300DDB}.Release|Any CPU.ActiveCfg = Release|Any CPU
		{806F9406-A252-1098-02CF-FDC37F300DDB}.Release|Any CPU.Build.0 = Release|Any CPU
		{A351C2B6-E2B8-AC35-C708-C65A42B57921}.Debug|Any CPU.ActiveCfg = Debug|Any CPU
		{A351C2B6-E2B8-AC35-C708-C65A42B57921}.Debug|Any CPU.Build.0 = Debug|Any CPU
		{A351C2B6-E2B8-AC35-C708-C65A42B57921}.Release|Any CPU.ActiveCfg = Release|Any CPU
		{A351C2B6-E2B8-AC35-C708-C65A42B57921}.Release|Any CPU.Build.0 = Release|Any CPU
	EndGlobalSection
	GlobalSection(SolutionProperties) = preSolution
		HideSolutionNode = FALSE
	EndGlobalSection
<<<<<<< HEAD
																																																					GlobalSection(MonoDevelopProperties) = preSolution
=======
																																																						GlobalSection(MonoDevelopProperties) = preSolution
=======
																																																			GlobalSection(MonoDevelopProperties) = preSolution
>>>>>>> a0521651d0bdd27a811e3dcc24be82c871e8e24c
>>>>>>> 62d5577cd90f31c84cf947f4c451b72999b3bc58
=======
																		GlobalSection(MonoDevelopProperties) = preSolution
>>>>>>> ea9d675be2e95f4328fa076a9afb32b71ed7a321
=======
																			GlobalSection(MonoDevelopProperties) = preSolution
>>>>>>> 3bdebfda871b7dcb4c25bb8ebe24ba1d159817b9
		StartupItem = Assembly-CSharp.csproj
		Policies = $0
		$0.TextStylePolicy = $1
		$1.inheritsSet = null
		$1.scope = text/x-csharp
		$0.CSharpFormattingPolicy = $2
		$2.inheritsSet = Mono
		$2.inheritsScope = text/x-csharp
		$2.scope = text/x-csharp
		$0.TextStylePolicy = $3
		$3.FileWidth = 120
		$3.TabWidth = 4
		$3.EolMarker = Unix
		$3.inheritsSet = Mono
		$3.inheritsScope = text/plain
		$3.scope = text/plain
	EndGlobalSection

EndGlobal
